
Microsoft Visual Studio Solution File, Format Version 12.00
# Visual Studio Version 16
VisualStudioVersion = 16.0.32602.291
MinimumVisualStudioVersion = 10.0.40219.1
Project("{FAE04EC0-301F-11D3-BF4B-00C04F79EFBC}") = "Pharmacy", "Pharmacy\Pharmacy.csproj", "{297980A0-C954-4E56-BC07-C97D4470239C}"
EndProject
Global
	GlobalSection(SolutionConfigurationPlatforms) = preSolution
		Debug|Any CPU = Debug|Any CPU
		Release|Any CPU = Release|Any CPU
	EndGlobalSection
	GlobalSection(ProjectConfigurationPlatforms) = postSolution
		{297980A0-C954-4E56-BC07-C97D4470239C}.Debug|Any CPU.ActiveCfg = Debug|Any CPU
		{297980A0-C954-4E56-BC07-C97D4470239C}.Debug|Any CPU.Build.0 = Debug|Any CPU
		{297980A0-C954-4E56-BC07-C97D4470239C}.Release|Any CPU.ActiveCfg = Release|Any CPU
		{297980A0-C954-4E56-BC07-C97D4470239C}.Release|Any CPU.Build.0 = Release|Any CPU
	EndGlobalSection
	GlobalSection(SolutionProperties) = preSolution
		HideSolutionNode = FALSE
	EndGlobalSection
	GlobalSection(ExtensibilityGlobals) = postSolution
		SolutionGuid = {755388E4-9356-4F8E-A386-83D5CD0B4E93}
	EndGlobalSection
EndGlobal
